// !$*UTF8*$!
{
	archiveVersion = 1;
	classes = {
	};
	objectVersion = 56;
	objects = {

/* Begin PBXBuildFile section */
		BFA67B2F2AD7CF9D003E3AE4 /* AppDelegate.swift in Sources */ = {isa = PBXBuildFile; fileRef = BFA67B2E2AD7CF9D003E3AE4 /* AppDelegate.swift */; };
		BFA67B332AD7CF9D003E3AE4 /* ViewController.swift in Sources */ = {isa = PBXBuildFile; fileRef = BFA67B322AD7CF9D003E3AE4 /* ViewController.swift */; };
		BFA67B392AD7CF9D003E3AE4 /* Manon.xcdatamodeld in Sources */ = {isa = PBXBuildFile; fileRef = BFA67B372AD7CF9D003E3AE4 /* Manon.xcdatamodeld */; };
		BFA67B3B2AD7CF9E003E3AE4 /* Assets.xcassets in Resources */ = {isa = PBXBuildFile; fileRef = BFA67B3A2AD7CF9E003E3AE4 /* Assets.xcassets */; };
		BFA67B3E2AD7CF9E003E3AE4 /* LaunchScreen.storyboard in Resources */ = {isa = PBXBuildFile; fileRef = BFA67B3C2AD7CF9E003E3AE4 /* LaunchScreen.storyboard */; };
		BFA67B492AD7CF9E003E3AE4 /* ManonTests.swift in Sources */ = {isa = PBXBuildFile; fileRef = BFA67B482AD7CF9E003E3AE4 /* ManonTests.swift */; };
		BFA67B532AD7CF9E003E3AE4 /* ManonUITests.swift in Sources */ = {isa = PBXBuildFile; fileRef = BFA67B522AD7CF9E003E3AE4 /* ManonUITests.swift */; };
		BFA67B552AD7CF9E003E3AE4 /* ManonUITestsLaunchTests.swift in Sources */ = {isa = PBXBuildFile; fileRef = BFA67B542AD7CF9E003E3AE4 /* ManonUITestsLaunchTests.swift */; };
		BFA67B622AD7D09E003E3AE4 /* MainViewController.swift in Sources */ = {isa = PBXBuildFile; fileRef = BFA67B612AD7D09E003E3AE4 /* MainViewController.swift */; };
		BFA67B642AD7D23D003E3AE4 /* MoneyViewController.swift in Sources */ = {isa = PBXBuildFile; fileRef = BFA67B632AD7D23D003E3AE4 /* MoneyViewController.swift */; };
		BFA67B662AD7D30D003E3AE4 /* CalendarViewController.swift in Sources */ = {isa = PBXBuildFile; fileRef = BFA67B652AD7D30D003E3AE4 /* CalendarViewController.swift */; };
/* End PBXBuildFile section */

/* Begin PBXContainerItemProxy section */
		BFA67B452AD7CF9E003E3AE4 /* PBXContainerItemProxy */ = {
			isa = PBXContainerItemProxy;
			containerPortal = BFA67B232AD7CF9C003E3AE4 /* Project object */;
			proxyType = 1;
			remoteGlobalIDString = BFA67B2A2AD7CF9C003E3AE4;
			remoteInfo = Manon;
		};
		BFA67B4F2AD7CF9E003E3AE4 /* PBXContainerItemProxy */ = {
			isa = PBXContainerItemProxy;
			containerPortal = BFA67B232AD7CF9C003E3AE4 /* Project object */;
			proxyType = 1;
			remoteGlobalIDString = BFA67B2A2AD7CF9C003E3AE4;
			remoteInfo = Manon;
		};
/* End PBXContainerItemProxy section */

/* Begin PBXFileReference section */
		BFA67B2B2AD7CF9C003E3AE4 /* Manon.app */ = {isa = PBXFileReference; explicitFileType = wrapper.application; includeInIndex = 0; path = Manon.app; sourceTree = BUILT_PRODUCTS_DIR; };
		BFA67B2E2AD7CF9D003E3AE4 /* AppDelegate.swift */ = {isa = PBXFileReference; lastKnownFileType = sourcecode.swift; path = AppDelegate.swift; sourceTree = "<group>"; };
		BFA67B322AD7CF9D003E3AE4 /* ViewController.swift */ = {isa = PBXFileReference; lastKnownFileType = sourcecode.swift; path = ViewController.swift; sourceTree = "<group>"; };
		BFA67B382AD7CF9D003E3AE4 /* Manon.xcdatamodel */ = {isa = PBXFileReference; lastKnownFileType = wrapper.xcdatamodel; path = Manon.xcdatamodel; sourceTree = "<group>"; };
		BFA67B3A2AD7CF9E003E3AE4 /* Assets.xcassets */ = {isa = PBXFileReference; lastKnownFileType = folder.assetcatalog; path = Assets.xcassets; sourceTree = "<group>"; };
		BFA67B3D2AD7CF9E003E3AE4 /* Base */ = {isa = PBXFileReference; lastKnownFileType = file.storyboard; name = Base; path = Base.lproj/LaunchScreen.storyboard; sourceTree = "<group>"; };
		BFA67B3F2AD7CF9E003E3AE4 /* Info.plist */ = {isa = PBXFileReference; lastKnownFileType = text.plist.xml; path = Info.plist; sourceTree = "<group>"; };
		BFA67B442AD7CF9E003E3AE4 /* ManonTests.xctest */ = {isa = PBXFileReference; explicitFileType = wrapper.cfbundle; includeInIndex = 0; path = ManonTests.xctest; sourceTree = BUILT_PRODUCTS_DIR; };
		BFA67B482AD7CF9E003E3AE4 /* ManonTests.swift */ = {isa = PBXFileReference; lastKnownFileType = sourcecode.swift; path = ManonTests.swift; sourceTree = "<group>"; };
		BFA67B4E2AD7CF9E003E3AE4 /* ManonUITests.xctest */ = {isa = PBXFileReference; explicitFileType = wrapper.cfbundle; includeInIndex = 0; path = ManonUITests.xctest; sourceTree = BUILT_PRODUCTS_DIR; };
		BFA67B522AD7CF9E003E3AE4 /* ManonUITests.swift */ = {isa = PBXFileReference; lastKnownFileType = sourcecode.swift; path = ManonUITests.swift; sourceTree = "<group>"; };
		BFA67B542AD7CF9E003E3AE4 /* ManonUITestsLaunchTests.swift */ = {isa = PBXFileReference; lastKnownFileType = sourcecode.swift; path = ManonUITestsLaunchTests.swift; sourceTree = "<group>"; };
		BFA67B612AD7D09E003E3AE4 /* MainViewController.swift */ = {isa = PBXFileReference; lastKnownFileType = sourcecode.swift; path = MainViewController.swift; sourceTree = "<group>"; };
		BFA67B632AD7D23D003E3AE4 /* MoneyViewController.swift */ = {isa = PBXFileReference; lastKnownFileType = sourcecode.swift; path = MoneyViewController.swift; sourceTree = "<group>"; };
		BFA67B652AD7D30D003E3AE4 /* CalendarViewController.swift */ = {isa = PBXFileReference; lastKnownFileType = sourcecode.swift; path = CalendarViewController.swift; sourceTree = "<group>"; };
/* End PBXFileReference section */

/* Begin PBXFrameworksBuildPhase section */
		BFA67B282AD7CF9C003E3AE4 /* Frameworks */ = {
			isa = PBXFrameworksBuildPhase;
			buildActionMask = 2147483647;
			files = (
			);
			runOnlyForDeploymentPostprocessing = 0;
		};
		BFA67B412AD7CF9E003E3AE4 /* Frameworks */ = {
			isa = PBXFrameworksBuildPhase;
			buildActionMask = 2147483647;
			files = (
			);
			runOnlyForDeploymentPostprocessing = 0;
		};
		BFA67B4B2AD7CF9E003E3AE4 /* Frameworks */ = {
			isa = PBXFrameworksBuildPhase;
			buildActionMask = 2147483647;
			files = (
			);
			runOnlyForDeploymentPostprocessing = 0;
		};
/* End PBXFrameworksBuildPhase section */

/* Begin PBXGroup section */
		BFA67B222AD7CF9C003E3AE4 = {
			isa = PBXGroup;
			children = (
				BFA67B2D2AD7CF9C003E3AE4 /* Manon */,
				BFA67B472AD7CF9E003E3AE4 /* ManonTests */,
				BFA67B512AD7CF9E003E3AE4 /* ManonUITests */,
				BFA67B2C2AD7CF9C003E3AE4 /* Products */,
			);
			sourceTree = "<group>";
		};
		BFA67B2C2AD7CF9C003E3AE4 /* Products */ = {
			isa = PBXGroup;
			children = (
				BFA67B2B2AD7CF9C003E3AE4 /* Manon.app */,
				BFA67B442AD7CF9E003E3AE4 /* ManonTests.xctest */,
				BFA67B4E2AD7CF9E003E3AE4 /* ManonUITests.xctest */,
			);
			name = Products;
			sourceTree = "<group>";
		};
		BFA67B2D2AD7CF9C003E3AE4 /* Manon */ = {
			isa = PBXGroup;
			children = (
				BFA67B2E2AD7CF9D003E3AE4 /* AppDelegate.swift */,
				BFA67B612AD7D09E003E3AE4 /* MainViewController.swift */,
				BFA67B632AD7D23D003E3AE4 /* MoneyViewController.swift */,
				BFA67B652AD7D30D003E3AE4 /* CalendarViewController.swift */,
				BFA67B322AD7CF9D003E3AE4 /* ViewController.swift */,
				BFA67B3A2AD7CF9E003E3AE4 /* Assets.xcassets */,
				BFA67B3C2AD7CF9E003E3AE4 /* LaunchScreen.storyboard */,
				BFA67B3F2AD7CF9E003E3AE4 /* Info.plist */,
				BFA67B372AD7CF9D003E3AE4 /* Manon.xcdatamodeld */,
			);
			path = Manon;
			sourceTree = "<group>";
		};
		BFA67B472AD7CF9E003E3AE4 /* ManonTests */ = {
			isa = PBXGroup;
			children = (
				BFA67B482AD7CF9E003E3AE4 /* ManonTests.swift */,
			);
			path = ManonTests;
			sourceTree = "<group>";
		};
		BFA67B512AD7CF9E003E3AE4 /* ManonUITests */ = {
			isa = PBXGroup;
			children = (
				BFA67B522AD7CF9E003E3AE4 /* ManonUITests.swift */,
				BFA67B542AD7CF9E003E3AE4 /* ManonUITestsLaunchTests.swift */,
			);
			path = ManonUITests;
			sourceTree = "<group>";
		};
/* End PBXGroup section */

/* Begin PBXNativeTarget section */
		BFA67B2A2AD7CF9C003E3AE4 /* Manon */ = {
			isa = PBXNativeTarget;
			buildConfigurationList = BFA67B582AD7CF9E003E3AE4 /* Build configuration list for PBXNativeTarget "Manon" */;
			buildPhases = (
				BFA67B272AD7CF9C003E3AE4 /* Sources */,
				BFA67B282AD7CF9C003E3AE4 /* Frameworks */,
				BFA67B292AD7CF9C003E3AE4 /* Resources */,
			);
			buildRules = (
			);
			dependencies = (
			);
			name = Manon;
			productName = Manon;
			productReference = BFA67B2B2AD7CF9C003E3AE4 /* Manon.app */;
			productType = "com.apple.product-type.application";
		};
		BFA67B432AD7CF9E003E3AE4 /* ManonTests */ = {
			isa = PBXNativeTarget;
			buildConfigurationList = BFA67B5B2AD7CF9E003E3AE4 /* Build configuration list for PBXNativeTarget "ManonTests" */;
			buildPhases = (
				BFA67B402AD7CF9E003E3AE4 /* Sources */,
				BFA67B412AD7CF9E003E3AE4 /* Frameworks */,
				BFA67B422AD7CF9E003E3AE4 /* Resources */,
			);
			buildRules = (
			);
			dependencies = (
				BFA67B462AD7CF9E003E3AE4 /* PBXTargetDependency */,
			);
			name = ManonTests;
			productName = ManonTests;
			productReference = BFA67B442AD7CF9E003E3AE4 /* ManonTests.xctest */;
			productType = "com.apple.product-type.bundle.unit-test";
		};
		BFA67B4D2AD7CF9E003E3AE4 /* ManonUITests */ = {
			isa = PBXNativeTarget;
			buildConfigurationList = BFA67B5E2AD7CF9E003E3AE4 /* Build configuration list for PBXNativeTarget "ManonUITests" */;
			buildPhases = (
				BFA67B4A2AD7CF9E003E3AE4 /* Sources */,
				BFA67B4B2AD7CF9E003E3AE4 /* Frameworks */,
				BFA67B4C2AD7CF9E003E3AE4 /* Resources */,
			);
			buildRules = (
			);
			dependencies = (
				BFA67B502AD7CF9E003E3AE4 /* PBXTargetDependency */,
			);
			name = ManonUITests;
			productName = ManonUITests;
			productReference = BFA67B4E2AD7CF9E003E3AE4 /* ManonUITests.xctest */;
			productType = "com.apple.product-type.bundle.ui-testing";
		};
/* End PBXNativeTarget section */

/* Begin PBXProject section */
		BFA67B232AD7CF9C003E3AE4 /* Project object */ = {
			isa = PBXProject;
			attributes = {
				BuildIndependentTargetsInParallel = 1;
				LastSwiftUpdateCheck = 1430;
				LastUpgradeCheck = 1430;
				TargetAttributes = {
					BFA67B2A2AD7CF9C003E3AE4 = {
						CreatedOnToolsVersion = 14.3.1;
					};
					BFA67B432AD7CF9E003E3AE4 = {
						CreatedOnToolsVersion = 14.3.1;
						TestTargetID = BFA67B2A2AD7CF9C003E3AE4;
					};
					BFA67B4D2AD7CF9E003E3AE4 = {
						CreatedOnToolsVersion = 14.3.1;
						TestTargetID = BFA67B2A2AD7CF9C003E3AE4;
					};
				};
			};
			buildConfigurationList = BFA67B262AD7CF9C003E3AE4 /* Build configuration list for PBXProject "Manon" */;
			compatibilityVersion = "Xcode 14.0";
			developmentRegion = en;
			hasScannedForEncodings = 0;
			knownRegions = (
				en,
				Base,
			);
			mainGroup = BFA67B222AD7CF9C003E3AE4;
			productRefGroup = BFA67B2C2AD7CF9C003E3AE4 /* Products */;
			projectDirPath = "";
			projectRoot = "";
			targets = (
				BFA67B2A2AD7CF9C003E3AE4 /* Manon */,
				BFA67B432AD7CF9E003E3AE4 /* ManonTests */,
				BFA67B4D2AD7CF9E003E3AE4 /* ManonUITests */,
			);
		};
/* End PBXProject section */

/* Begin PBXResourcesBuildPhase section */
		BFA67B292AD7CF9C003E3AE4 /* Resources */ = {
			isa = PBXResourcesBuildPhase;
			buildActionMask = 2147483647;
			files = (
				BFA67B3E2AD7CF9E003E3AE4 /* LaunchScreen.storyboard in Resources */,
				BFA67B3B2AD7CF9E003E3AE4 /* Assets.xcassets in Resources */,
			);
			runOnlyForDeploymentPostprocessing = 0;
		};
		BFA67B422AD7CF9E003E3AE4 /* Resources */ = {
			isa = PBXResourcesBuildPhase;
			buildActionMask = 2147483647;
			files = (
			);
			runOnlyForDeploymentPostprocessing = 0;
		};
		BFA67B4C2AD7CF9E003E3AE4 /* Resources */ = {
			isa = PBXResourcesBuildPhase;
			buildActionMask = 2147483647;
			files = (
			);
			runOnlyForDeploymentPostprocessing = 0;
		};
/* End PBXResourcesBuildPhase section */

/* Begin PBXSourcesBuildPhase section */
		BFA67B272AD7CF9C003E3AE4 /* Sources */ = {
			isa = PBXSourcesBuildPhase;
			buildActionMask = 2147483647;
			files = (
				BFA67B662AD7D30D003E3AE4 /* CalendarViewController.swift in Sources */,
				BFA67B332AD7CF9D003E3AE4 /* ViewController.swift in Sources */,
				BFA67B2F2AD7CF9D003E3AE4 /* AppDelegate.swift in Sources */,
				BFA67B392AD7CF9D003E3AE4 /* Manon.xcdatamodeld in Sources */,
				BFA67B642AD7D23D003E3AE4 /* MoneyViewController.swift in Sources */,
				BFA67B622AD7D09E003E3AE4 /* MainViewController.swift in Sources */,
			);
			runOnlyForDeploymentPostprocessing = 0;
		};
		BFA67B402AD7CF9E003E3AE4 /* Sources */ = {
			isa = PBXSourcesBuildPhase;
			buildActionMask = 2147483647;
			files = (
				BFA67B492AD7CF9E003E3AE4 /* ManonTests.swift in Sources */,
			);
			runOnlyForDeploymentPostprocessing = 0;
		};
		BFA67B4A2AD7CF9E003E3AE4 /* Sources */ = {
			isa = PBXSourcesBuildPhase;
			buildActionMask = 2147483647;
			files = (
				BFA67B552AD7CF9E003E3AE4 /* ManonUITestsLaunchTests.swift in Sources */,
				BFA67B532AD7CF9E003E3AE4 /* ManonUITests.swift in Sources */,
			);
			runOnlyForDeploymentPostprocessing = 0;
		};
/* End PBXSourcesBuildPhase section */

/* Begin PBXTargetDependency section */
		BFA67B462AD7CF9E003E3AE4 /* PBXTargetDependency */ = {
			isa = PBXTargetDependency;
			target = BFA67B2A2AD7CF9C003E3AE4 /* Manon */;
			targetProxy = BFA67B452AD7CF9E003E3AE4 /* PBXContainerItemProxy */;
		};
		BFA67B502AD7CF9E003E3AE4 /* PBXTargetDependency */ = {
			isa = PBXTargetDependency;
			target = BFA67B2A2AD7CF9C003E3AE4 /* Manon */;
			targetProxy = BFA67B4F2AD7CF9E003E3AE4 /* PBXContainerItemProxy */;
		};
/* End PBXTargetDependency section */

/* Begin PBXVariantGroup section */
		BFA67B3C2AD7CF9E003E3AE4 /* LaunchScreen.storyboard */ = {
			isa = PBXVariantGroup;
			children = (
				BFA67B3D2AD7CF9E003E3AE4 /* Base */,
			);
			name = LaunchScreen.storyboard;
			sourceTree = "<group>";
		};
/* End PBXVariantGroup section */

/* Begin XCBuildConfiguration section */
		BFA67B562AD7CF9E003E3AE4 /* Debug */ = {
			isa = XCBuildConfiguration;
			buildSettings = {
				ALWAYS_SEARCH_USER_PATHS = NO;
				CLANG_ANALYZER_NONNULL = YES;
				CLANG_ANALYZER_NUMBER_OBJECT_CONVERSION = YES_AGGRESSIVE;
				CLANG_CXX_LANGUAGE_STANDARD = "gnu++20";
				CLANG_ENABLE_MODULES = YES;
				CLANG_ENABLE_OBJC_ARC = YES;
				CLANG_ENABLE_OBJC_WEAK = YES;
				CLANG_WARN_BLOCK_CAPTURE_AUTORELEASING = YES;
				CLANG_WARN_BOOL_CONVERSION = YES;
				CLANG_WARN_COMMA = YES;
				CLANG_WARN_CONSTANT_CONVERSION = YES;
				CLANG_WARN_DEPRECATED_OBJC_IMPLEMENTATIONS = YES;
				CLANG_WARN_DIRECT_OBJC_ISA_USAGE = YES_ERROR;
				CLANG_WARN_DOCUMENTATION_COMMENTS = YES;
				CLANG_WARN_EMPTY_BODY = YES;
				CLANG_WARN_ENUM_CONVERSION = YES;
				CLANG_WARN_INFINITE_RECURSION = YES;
				CLANG_WARN_INT_CONVERSION = YES;
				CLANG_WARN_NON_LITERAL_NULL_CONVERSION = YES;
				CLANG_WARN_OBJC_IMPLICIT_RETAIN_SELF = YES;
				CLANG_WARN_OBJC_LITERAL_CONVERSION = YES;
				CLANG_WARN_OBJC_ROOT_CLASS = YES_ERROR;
				CLANG_WARN_QUOTED_INCLUDE_IN_FRAMEWORK_HEADER = YES;
				CLANG_WARN_RANGE_LOOP_ANALYSIS = YES;
				CLANG_WARN_STRICT_PROTOTYPES = YES;
				CLANG_WARN_SUSPICIOUS_MOVE = YES;
				CLANG_WARN_UNGUARDED_AVAILABILITY = YES_AGGRESSIVE;
				CLANG_WARN_UNREACHABLE_CODE = YES;
				CLANG_WARN__DUPLICATE_METHOD_MATCH = YES;
				COPY_PHASE_STRIP = NO;
				DEBUG_INFORMATION_FORMAT = dwarf;
				ENABLE_STRICT_OBJC_MSGSEND = YES;
				ENABLE_TESTABILITY = YES;
				GCC_C_LANGUAGE_STANDARD = gnu11;
				GCC_DYNAMIC_NO_PIC = NO;
				GCC_NO_COMMON_BLOCKS = YES;
				GCC_OPTIMIZATION_LEVEL = 0;
				GCC_PREPROCESSOR_DEFINITIONS = (
					"DEBUG=1",
					"$(inherited)",
				);
				GCC_WARN_64_TO_32_BIT_CONVERSION = YES;
				GCC_WARN_ABOUT_RETURN_TYPE = YES_ERROR;
				GCC_WARN_UNDECLARED_SELECTOR = YES;
				GCC_WARN_UNINITIALIZED_AUTOS = YES_AGGRESSIVE;
				GCC_WARN_UNUSED_FUNCTION = YES;
				GCC_WARN_UNUSED_VARIABLE = YES;
				IPHONEOS_DEPLOYMENT_TARGET = 16.4;
				MTL_ENABLE_DEBUG_INFO = INCLUDE_SOURCE;
				MTL_FAST_MATH = YES;
				ONLY_ACTIVE_ARCH = YES;
				SDKROOT = iphoneos;
				SWIFT_ACTIVE_COMPILATION_CONDITIONS = DEBUG;
				SWIFT_OPTIMIZATION_LEVEL = "-Onone";
			};
			name = Debug;
		};
		BFA67B572AD7CF9E003E3AE4 /* Release */ = {
			isa = XCBuildConfiguration;
			buildSettings = {
				ALWAYS_SEARCH_USER_PATHS = NO;
				CLANG_ANALYZER_NONNULL = YES;
				CLANG_ANALYZER_NUMBER_OBJECT_CONVERSION = YES_AGGRESSIVE;
				CLANG_CXX_LANGUAGE_STANDARD = "gnu++20";
				CLANG_ENABLE_MODULES = YES;
				CLANG_ENABLE_OBJC_ARC = YES;
				CLANG_ENABLE_OBJC_WEAK = YES;
				CLANG_WARN_BLOCK_CAPTURE_AUTORELEASING = YES;
				CLANG_WARN_BOOL_CONVERSION = YES;
				CLANG_WARN_COMMA = YES;
				CLANG_WARN_CONSTANT_CONVERSION = YES;
				CLANG_WARN_DEPRECATED_OBJC_IMPLEMENTATIONS = YES;
				CLANG_WARN_DIRECT_OBJC_ISA_USAGE = YES_ERROR;
				CLANG_WARN_DOCUMENTATION_COMMENTS = YES;
				CLANG_WARN_EMPTY_BODY = YES;
				CLANG_WARN_ENUM_CONVERSION = YES;
				CLANG_WARN_INFINITE_RECURSION = YES;
				CLANG_WARN_INT_CONVERSION = YES;
				CLANG_WARN_NON_LITERAL_NULL_CONVERSION = YES;
				CLANG_WARN_OBJC_IMPLICIT_RETAIN_SELF = YES;
				CLANG_WARN_OBJC_LITERAL_CONVERSION = YES;
				CLANG_WARN_OBJC_ROOT_CLASS = YES_ERROR;
				CLANG_WARN_QUOTED_INCLUDE_IN_FRAMEWORK_HEADER = YES;
				CLANG_WARN_RANGE_LOOP_ANALYSIS = YES;
				CLANG_WARN_STRICT_PROTOTYPES = YES;
				CLANG_WARN_SUSPICIOUS_MOVE = YES;
				CLANG_WARN_UNGUARDED_AVAILABILITY = YES_AGGRESSIVE;
				CLANG_WARN_UNREACHABLE_CODE = YES;
				CLANG_WARN__DUPLICATE_METHOD_MATCH = YES;
				COPY_PHASE_STRIP = NO;
				DEBUG_INFORMATION_FORMAT = "dwarf-with-dsym";
				ENABLE_NS_ASSERTIONS = NO;
				ENABLE_STRICT_OBJC_MSGSEND = YES;
				GCC_C_LANGUAGE_STANDARD = gnu11;
				GCC_NO_COMMON_BLOCKS = YES;
				GCC_WARN_64_TO_32_BIT_CONVERSION = YES;
				GCC_WARN_ABOUT_RETURN_TYPE = YES_ERROR;
				GCC_WARN_UNDECLARED_SELECTOR = YES;
				GCC_WARN_UNINITIALIZED_AUTOS = YES_AGGRESSIVE;
				GCC_WARN_UNUSED_FUNCTION = YES;
				GCC_WARN_UNUSED_VARIABLE = YES;
				IPHONEOS_DEPLOYMENT_TARGET = 16.4;
				MTL_ENABLE_DEBUG_INFO = NO;
				MTL_FAST_MATH = YES;
				SDKROOT = iphoneos;
				SWIFT_COMPILATION_MODE = wholemodule;
				SWIFT_OPTIMIZATION_LEVEL = "-O";
				VALIDATE_PRODUCT = YES;
			};
			name = Release;
		};
		BFA67B592AD7CF9E003E3AE4 /* Debug */ = {
			isa = XCBuildConfiguration;
			buildSettings = {
				ASSETCATALOG_COMPILER_APPICON_NAME = AppIcon;
				ASSETCATALOG_COMPILER_GLOBAL_ACCENT_COLOR_NAME = AccentColor;
				CODE_SIGN_STYLE = Automatic;
				CURRENT_PROJECT_VERSION = 1;
				DEVELOPMENT_TEAM = 5H679H8G3X;
				GENERATE_INFOPLIST_FILE = YES;
				INFOPLIST_FILE = Manon/Info.plist;
				INFOPLIST_KEY_UIApplicationSupportsIndirectInputEvents = YES;
				INFOPLIST_KEY_UILaunchStoryboardName = LaunchScreen;
				INFOPLIST_KEY_UISupportedInterfaceOrientations_iPad = "UIInterfaceOrientationPortrait UIInterfaceOrientationPortraitUpsideDown UIInterfaceOrientationLandscapeLeft UIInterfaceOrientationLandscapeRight";
				INFOPLIST_KEY_UISupportedInterfaceOrientations_iPhone = "UIInterfaceOrientationPortrait UIInterfaceOrientationLandscapeLeft UIInterfaceOrientationLandscapeRight";
				LD_RUNPATH_SEARCH_PATHS = (
					"$(inherited)",
					"@executable_path/Frameworks",
				);
				MARKETING_VERSION = 1.0;
				PRODUCT_BUNDLE_IDENTIFIER = com.jimmy.Manon;
				PRODUCT_NAME = "$(TARGET_NAME)";
				SWIFT_EMIT_LOC_STRINGS = YES;
				SWIFT_VERSION = 5.0;
				TARGETED_DEVICE_FAMILY = "1,2";
			};
			name = Debug;
		};
		BFA67B5A2AD7CF9E003E3AE4 /* Release */ = {
			isa = XCBuildConfiguration;
			buildSettings = {
				ASSETCATALOG_COMPILER_APPICON_NAME = AppIcon;
				ASSETCATALOG_COMPILER_GLOBAL_ACCENT_COLOR_NAME = AccentColor;
				CODE_SIGN_STYLE = Automatic;
				CURRENT_PROJECT_VERSION = 1;
				DEVELOPMENT_TEAM = 5H679H8G3X;
				GENERATE_INFOPLIST_FILE = YES;
				INFOPLIST_FILE = Manon/Info.plist;
				INFOPLIST_KEY_UIApplicationSupportsIndirectInputEvents = YES;
				INFOPLIST_KEY_UILaunchStoryboardName = LaunchScreen;
				INFOPLIST_KEY_UISupportedInterfaceOrientations_iPad = "UIInterfaceOrientationPortrait UIInterfaceOrientationPortraitUpsideDown UIInterfaceOrientationLandscapeLeft UIInterfaceOrientationLandscapeRight";
				INFOPLIST_KEY_UISupportedInterfaceOrientations_iPhone = "UIInterfaceOrientationPortrait UIInterfaceOrientationLandscapeLeft UIInterfaceOrientationLandscapeRight";
				LD_RUNPATH_SEARCH_PATHS = (
					"$(inherited)",
					"@executable_path/Frameworks",
				);
				MARKETING_VERSION = 1.0;
				PRODUCT_BUNDLE_IDENTIFIER = com.jimmy.Manon;
				PRODUCT_NAME = "$(TARGET_NAME)";
				SWIFT_EMIT_LOC_STRINGS = YES;
				SWIFT_VERSION = 5.0;
				TARGETED_DEVICE_FAMILY = "1,2";
			};
			name = Release;
		};
		BFA67B5C2AD7CF9E003E3AE4 /* Debug */ = {
			isa = XCBuildConfiguration;
			buildSettings = {
				ALWAYS_EMBED_SWIFT_STANDARD_LIBRARIES = YES;
				BUNDLE_LOADER = "$(TEST_HOST)";
				CODE_SIGN_STYLE = Automatic;
				CURRENT_PROJECT_VERSION = 1;
				DEVELOPMENT_TEAM = 5H679H8G3X;
				GENERATE_INFOPLIST_FILE = YES;
				IPHONEOS_DEPLOYMENT_TARGET = 16.4;
				MARKETING_VERSION = 1.0;
				PRODUCT_BUNDLE_IDENTIFIER = com.jimmy.ManonTests;
				PRODUCT_NAME = "$(TARGET_NAME)";
				SWIFT_EMIT_LOC_STRINGS = NO;
				SWIFT_VERSION = 5.0;
				TARGETED_DEVICE_FAMILY = "1,2";
				TEST_HOST = "$(BUILT_PRODUCTS_DIR)/Manon.app/$(BUNDLE_EXECUTABLE_FOLDER_PATH)/Manon";
			};
			name = Debug;
		};
		BFA67B5D2AD7CF9E003E3AE4 /* Release */ = {
			isa = XCBuildConfiguration;
			buildSettings = {
				ALWAYS_EMBED_SWIFT_STANDARD_LIBRARIES = YES;
				BUNDLE_LOADER = "$(TEST_HOST)";
				CODE_SIGN_STYLE = Automatic;
				CURRENT_PROJECT_VERSION = 1;
				DEVELOPMENT_TEAM = 5H679H8G3X;
				GENERATE_INFOPLIST_FILE = YES;
				IPHONEOS_DEPLOYMENT_TARGET = 16.4;
				MARKETING_VERSION = 1.0;
				PRODUCT_BUNDLE_IDENTIFIER = com.jimmy.ManonTests;
				PRODUCT_NAME = "$(TARGET_NAME)";
				SWIFT_EMIT_LOC_STRINGS = NO;
				SWIFT_VERSION = 5.0;
				TARGETED_DEVICE_FAMILY = "1,2";
				TEST_HOST = "$(BUILT_PRODUCTS_DIR)/Manon.app/$(BUNDLE_EXECUTABLE_FOLDER_PATH)/Manon";
			};
			name = Release;
		};
		BFA67B5F2AD7CF9E003E3AE4 /* Debug */ = {
			isa = XCBuildConfiguration;
			buildSettings = {
				ALWAYS_EMBED_SWIFT_STANDARD_LIBRARIES = YES;
				CODE_SIGN_STYLE = Automatic;
				CURRENT_PROJECT_VERSION = 1;
				DEVELOPMENT_TEAM = 5H679H8G3X;
				GENERATE_INFOPLIST_FILE = YES;
				MARKETING_VERSION = 1.0;
				PRODUCT_BUNDLE_IDENTIFIER = com.jimmy.ManonUITests;
				PRODUCT_NAME = "$(TARGET_NAME)";
				SWIFT_EMIT_LOC_STRINGS = NO;
				SWIFT_VERSION = 5.0;
				TARGETED_DEVICE_FAMILY = "1,2";
				TEST_TARGET_NAME = Manon;
			};
			name = Debug;
		};
		BFA67B602AD7CF9E003E3AE4 /* Release */ = {
			isa = XCBuildConfiguration;
			buildSettings = {
				ALWAYS_EMBED_SWIFT_STANDARD_LIBRARIES = YES;
				CODE_SIGN_STYLE = Automatic;
				CURRENT_PROJECT_VERSION = 1;
				DEVELOPMENT_TEAM = 5H679H8G3X;
				GENERATE_INFOPLIST_FILE = YES;
				MARKETING_VERSION = 1.0;
				PRODUCT_BUNDLE_IDENTIFIER = com.jimmy.ManonUITests;
				PRODUCT_NAME = "$(TARGET_NAME)";
				SWIFT_EMIT_LOC_STRINGS = NO;
				SWIFT_VERSION = 5.0;
				TARGETED_DEVICE_FAMILY = "1,2";
				TEST_TARGET_NAME = Manon;
			};
			name = Release;
		};
/* End XCBuildConfiguration section */

/* Begin XCConfigurationList section */
		BFA67B262AD7CF9C003E3AE4 /* Build configuration list for PBXProject "Manon" */ = {
			isa = XCConfigurationList;
			buildConfigurations = (
				BFA67B562AD7CF9E003E3AE4 /* Debug */,
				BFA67B572AD7CF9E003E3AE4 /* Release */,
			);
			defaultConfigurationIsVisible = 0;
			defaultConfigurationName = Release;
		};
		BFA67B582AD7CF9E003E3AE4 /* Build configuration list for PBXNativeTarget "Manon" */ = {
			isa = XCConfigurationList;
			buildConfigurations = (
				BFA67B592AD7CF9E003E3AE4 /* Debug */,
				BFA67B5A2AD7CF9E003E3AE4 /* Release */,
			);
			defaultConfigurationIsVisible = 0;
			defaultConfigurationName = Release;
		};
		BFA67B5B2AD7CF9E003E3AE4 /* Build configuration list for PBXNativeTarget "ManonTests" */ = {
			isa = XCConfigurationList;
			buildConfigurations = (
				BFA67B5C2AD7CF9E003E3AE4 /* Debug */,
				BFA67B5D2AD7CF9E003E3AE4 /* Release */,
			);
			defaultConfigurationIsVisible = 0;
			defaultConfigurationName = Release;
		};
		BFA67B5E2AD7CF9E003E3AE4 /* Build configuration list for PBXNativeTarget "ManonUITests" */ = {
			isa = XCConfigurationList;
			buildConfigurations = (
				BFA67B5F2AD7CF9E003E3AE4 /* Debug */,
				BFA67B602AD7CF9E003E3AE4 /* Release */,
			);
			defaultConfigurationIsVisible = 0;
			defaultConfigurationName = Release;
		};
/* End XCConfigurationList section */

/* Begin XCVersionGroup section */
		BFA67B372AD7CF9D003E3AE4 /* Manon.xcdatamodeld */ = {
			isa = XCVersionGroup;
			children = (
				BFA67B382AD7CF9D003E3AE4 /* Manon.xcdatamodel */,
			);
			currentVersion = BFA67B382AD7CF9D003E3AE4 /* Manon.xcdatamodel */;
			path = Manon.xcdatamodeld;
			sourceTree = "<group>";
			versionGroupType = wrapper.xcdatamodel;
		};
/* End XCVersionGroup section */
	};
	rootObject = BFA67B232AD7CF9C003E3AE4 /* Project object */;
}
